
Microsoft Visual Studio Solution File, Format Version 12.00
# Visual Studio Version 17
VisualStudioVersion = 17.8.34309.116
MinimumVisualStudioVersion = 10.0.40219.1
Project("{FAE04EC0-301F-11D3-BF4B-00C04F79EFBC}") = "QuadraticEquation", "QuadraticEquation\QuadraticEquation.csproj", "{43C86017-1359-4932-B903-6D21EC39FBA9}"
EndProject
Project("{FAE04EC0-301F-11D3-BF4B-00C04F79EFBC}") = "PointsAverage", "PointsAverage\PointsAverage.csproj", "{87EFAD8A-902A-4253-A62C-E19A3B45A54A}"
EndProject
Project("{FAE04EC0-301F-11D3-BF4B-00C04F79EFBC}") = "SwitchValues", "SwitchValues\SwitchValues.csproj", "{854EA466-D9E4-4B36-B435-4A104535A1F7}"
EndProject
Project("{FAE04EC0-301F-11D3-BF4B-00C04F79EFBC}") = "While1", "While1\While1.csproj", "{709BDEDF-FF7B-460F-8402-75AB01F24A2A}"
EndProject
Project("{FAE04EC0-301F-11D3-BF4B-00C04F79EFBC}") = "ExpressionsLibrary", "ExpressionsLibrary\ExpressionsLibrary.csproj", "{BFA25937-56D1-4FE2-98DB-8D6AAAFE0EAD}"
EndProject
Global
	GlobalSection(SolutionConfigurationPlatforms) = preSolution
		Debug|Any CPU = Debug|Any CPU
		Release|Any CPU = Release|Any CPU
	EndGlobalSection
	GlobalSection(ProjectConfigurationPlatforms) = postSolution
		{43C86017-1359-4932-B903-6D21EC39FBA9}.Debug|Any CPU.ActiveCfg = Debug|Any CPU
		{43C86017-1359-4932-B903-6D21EC39FBA9}.Debug|Any CPU.Build.0 = Debug|Any CPU
		{43C86017-1359-4932-B903-6D21EC39FBA9}.Release|Any CPU.ActiveCfg = Release|Any CPU
		{43C86017-1359-4932-B903-6D21EC39FBA9}.Release|Any CPU.Build.0 = Release|Any CPU
		{87EFAD8A-902A-4253-A62C-E19A3B45A54A}.Debug|Any CPU.ActiveCfg = Debug|Any CPU
		{87EFAD8A-902A-4253-A62C-E19A3B45A54A}.Debug|Any CPU.Build.0 = Debug|Any CPU
		{87EFAD8A-902A-4253-A62C-E19A3B45A54A}.Release|Any CPU.ActiveCfg = Release|Any CPU
		{87EFAD8A-902A-4253-A62C-E19A3B45A54A}.Release|Any CPU.Build.0 = Release|Any CPU
		{854EA466-D9E4-4B36-B435-4A104535A1F7}.Debug|Any CPU.ActiveCfg = Debug|Any CPU
		{854EA466-D9E4-4B36-B435-4A104535A1F7}.Debug|Any CPU.Build.0 = Debug|Any CPU
		{854EA466-D9E4-4B36-B435-4A104535A1F7}.Release|Any CPU.ActiveCfg = Release|Any CPU
		{854EA466-D9E4-4B36-B435-4A104535A1F7}.Release|Any CPU.Build.0 = Release|Any CPU
		{709BDEDF-FF7B-460F-8402-75AB01F24A2A}.Debug|Any CPU.ActiveCfg = Debug|Any CPU
		{709BDEDF-FF7B-460F-8402-75AB01F24A2A}.Debug|Any CPU.Build.0 = Debug|Any CPU
		{709BDEDF-FF7B-460F-8402-75AB01F24A2A}.Release|Any CPU.ActiveCfg = Release|Any CPU
		{709BDEDF-FF7B-460F-8402-75AB01F24A2A}.Release|Any CPU.Build.0 = Release|Any CPU
		{BFA25937-56D1-4FE2-98DB-8D6AAAFE0EAD}.Debug|Any CPU.ActiveCfg = Debug|Any CPU
		{BFA25937-56D1-4FE2-98DB-8D6AAAFE0EAD}.Debug|Any CPU.Build.0 = Debug|Any CPU
		{BFA25937-56D1-4FE2-98DB-8D6AAAFE0EAD}.Release|Any CPU.ActiveCfg = Release|Any CPU
		{BFA25937-56D1-4FE2-98DB-8D6AAAFE0EAD}.Release|Any CPU.Build.0 = Release|Any CPU
	EndGlobalSection
	GlobalSection(SolutionProperties) = preSolution
		HideSolutionNode = FALSE
	EndGlobalSection
	GlobalSection(ExtensibilityGlobals) = postSolution
		SolutionGuid = {C458A11C-B64E-46FF-94D4-5765E380F61F}
	EndGlobalSection
EndGlobal
